
Microsoft Visual Studio Solution File, Format Version 12.00
# Visual Studio Version 17
VisualStudioVersion = 17.0.31903.59
MinimumVisualStudioVersion = 10.0.40219.1
Project("{FAE04EC0-301F-11D3-BF4B-00C04F79EFBC}") = "Splitter.Operations.WebApi", "Splitter.Operations.WebApi\Splitter.Operations.WebApi.csproj", "{0506F529-B54C-4EFE-BBC3-30D54AAEC4DE}"
EndProject
Project("{FAE04EC0-301F-11D3-BF4B-00C04F79EFBC}") = "Splitter.Operations.Models", "Splitter.Operations.Models\Splitter.Operations.Models.csproj", "{2E1850BF-00F8-4607-8F91-B243BC7BD61F}"
EndProject
Project("{FAE04EC0-301F-11D3-BF4B-00C04F79EFBC}") = "Splitter.Operations", "Splitter.Operations\Splitter.Operations.csproj", "{0CD9F3E8-C500-4F89-826E-BCF0996393F5}"
EndProject
Project("{FAE04EC0-301F-11D3-BF4B-00C04F79EFBC}") = "Splitter.Operations.Infrastructure", "Splitter.Operations.Infrastructure\Splitter.Operations.Infrastructure.csproj", "{6E521631-4203-4BE7-80AC-6FAB8FDEE84B}"
EndProject
Project("{FAE04EC0-301F-11D3-BF4B-00C04F79EFBC}") = "Splitter.Operations.Constants", "Splitter.Operations.Constants\Splitter.Operations.Constants.csproj", "{28F13C48-FAC2-4AEC-B52F-90E6AC7536AC}"
EndProject
Project("{FAE04EC0-301F-11D3-BF4B-00C04F79EFBC}") = "Splitter.Operations.Data.SqlServer", "Splitter.Operations.Data.SqlServer\Splitter.Operations.Data.SqlServer.csproj", "{B027B5D9-B154-4104-8C6E-1133A5142D9C}"
EndProject
Project("{FAE04EC0-301F-11D3-BF4B-00C04F79EFBC}") = "Splitter.Operations.Interface", "Splitter.Operations.Interface\Splitter.Operations.Interface.csproj", "{5603C011-6C4E-4318-AFA0-9520CE732DE2}"
EndProject
Project("{2150E333-8FDC-42A3-9474-1A3956D46DE8}") = "Core", "Core", "{C8723C2B-9E2F-439B-87B4-4BC4C4005B78}"
EndProject
Project("{2150E333-8FDC-42A3-9474-1A3956D46DE8}") = "Host", "Host", "{FA24E427-1979-4E4F-8146-E76EFECC07BD}"
EndProject
Project("{2150E333-8FDC-42A3-9474-1A3956D46DE8}") = "Infrastructure", "Infrastructure", "{A970F0EE-C5BE-44DA-AB58-39E4FCB6142E}"
EndProject
Project("{FAE04EC0-301F-11D3-BF4B-00C04F79EFBC}") = "Splitter.Operations.Specification", "Splitter.Operations.Specification\Splitter.Operations.Specification.csproj", "{F318C1DE-539A-454C-BB93-F032D58A45F5}"
EndProject
Project("{2150E333-8FDC-42A3-9474-1A3956D46DE8}") = "Commensality", "Commensality", "{4F35CA1B-CCC8-421D-945F-8B6C0455A9E9}"
EndProject
Project("{2150E333-8FDC-42A3-9474-1A3956D46DE8}") = "Menu", "Menu", "{F1CD5A98-A4D5-4A45-8B80-0B30F93D021B}"
EndProject
Project("{FAE04EC0-301F-11D3-BF4B-00C04F79EFBC}") = "Splitter.BCMenu.Models", "Splitter.BCMenu.Models\Splitter.BCMenu.Models.csproj", "{993C1C3F-F4CC-4641-9D9B-0C9FB6D1ECC9}"
EndProject
Project("{2150E333-8FDC-42A3-9474-1A3956D46DE8}") = "AggregateMenu", "AggregateMenu", "{7F5AB20C-691C-4DC3-AC2D-9D885EBF007E}"
EndProject
Project("{FAE04EC0-301F-11D3-BF4B-00C04F79EFBC}") = "Splitter.BCMenu.Constants", "Splitter.BCMenu.Constants\Splitter.BCMenu.Constants.csproj", "{451A93E8-5E77-4333-ACE6-6313D1CCB642}"
EndProject
Project("{2150E333-8FDC-42A3-9474-1A3956D46DE8}") = "Core", "Core", "{3C8E0B1E-25D1-4E56-829E-3B3A5EDDC035}"
EndProject
Project("{2150E333-8FDC-42A3-9474-1A3956D46DE8}") = "Infrastructure", "Infrastructure", "{0022F579-4CCF-44C0-AFA0-2BBECD1BE8CE}"
EndProject
Project("{2150E333-8FDC-42A3-9474-1A3956D46DE8}") = "Host", "Host", "{24D66818-23CB-4EB2-9924-59D7DE06130A}"
EndProject
Project("{2150E333-8FDC-42A3-9474-1A3956D46DE8}") = "Shared", "Shared", "{6009FC7B-D7FC-4D41-9ECC-0EC3EAFE03CE}"
EndProject
Project("{FAE04EC0-301F-11D3-BF4B-00C04F79EFBC}") = "Splitter.Extensions", "Splitter.Extensions\Splitter.Extensions.csproj", "{82724B95-088A-4988-8275-40B26CE378DE}"
EndProject
Project("{FAE04EC0-301F-11D3-BF4B-00C04F79EFBC}") = "Splitter.BCMenu.Infrastructure", "Splitter.BCMenu.Infrastructure\Splitter.BCMenu.Infrastructure.csproj", "{EECA2FC7-50D7-4E3C-8D8F-70C542BE1A7D}"
EndProject
Project("{FAE04EC0-301F-11D3-BF4B-00C04F79EFBC}") = "Splitter.BCMenu", "Splitter.BCMenu\Splitter.BCMenu.csproj", "{1A7B1EF0-0C13-4CB3-8723-ADC8ECB49808}"
EndProject
Project("{FAE04EC0-301F-11D3-BF4B-00C04F79EFBC}") = "Splitter.BCMenu.Interface", "Splitter.BCMenu.Interface\Splitter.BCMenu.Interface.csproj", "{6EDF13CF-48C4-433D-A074-0AFDBE08B2D6}"
EndProject
Global
	GlobalSection(SolutionConfigurationPlatforms) = preSolution
		Debug|Any CPU = Debug|Any CPU
		Release|Any CPU = Release|Any CPU
	EndGlobalSection
	GlobalSection(ProjectConfigurationPlatforms) = postSolution
		{0506F529-B54C-4EFE-BBC3-30D54AAEC4DE}.Debug|Any CPU.ActiveCfg = Debug|Any CPU
		{0506F529-B54C-4EFE-BBC3-30D54AAEC4DE}.Debug|Any CPU.Build.0 = Debug|Any CPU
		{0506F529-B54C-4EFE-BBC3-30D54AAEC4DE}.Release|Any CPU.ActiveCfg = Release|Any CPU
		{0506F529-B54C-4EFE-BBC3-30D54AAEC4DE}.Release|Any CPU.Build.0 = Release|Any CPU
		{2E1850BF-00F8-4607-8F91-B243BC7BD61F}.Debug|Any CPU.ActiveCfg = Debug|Any CPU
		{2E1850BF-00F8-4607-8F91-B243BC7BD61F}.Debug|Any CPU.Build.0 = Debug|Any CPU
		{2E1850BF-00F8-4607-8F91-B243BC7BD61F}.Release|Any CPU.ActiveCfg = Release|Any CPU
		{2E1850BF-00F8-4607-8F91-B243BC7BD61F}.Release|Any CPU.Build.0 = Release|Any CPU
		{0CD9F3E8-C500-4F89-826E-BCF0996393F5}.Debug|Any CPU.ActiveCfg = Debug|Any CPU
		{0CD9F3E8-C500-4F89-826E-BCF0996393F5}.Debug|Any CPU.Build.0 = Debug|Any CPU
		{0CD9F3E8-C500-4F89-826E-BCF0996393F5}.Release|Any CPU.ActiveCfg = Release|Any CPU
		{0CD9F3E8-C500-4F89-826E-BCF0996393F5}.Release|Any CPU.Build.0 = Release|Any CPU
		{6E521631-4203-4BE7-80AC-6FAB8FDEE84B}.Debug|Any CPU.ActiveCfg = Debug|Any CPU
		{6E521631-4203-4BE7-80AC-6FAB8FDEE84B}.Debug|Any CPU.Build.0 = Debug|Any CPU
		{6E521631-4203-4BE7-80AC-6FAB8FDEE84B}.Release|Any CPU.ActiveCfg = Release|Any CPU
		{6E521631-4203-4BE7-80AC-6FAB8FDEE84B}.Release|Any CPU.Build.0 = Release|Any CPU
		{28F13C48-FAC2-4AEC-B52F-90E6AC7536AC}.Debug|Any CPU.ActiveCfg = Debug|Any CPU
		{28F13C48-FAC2-4AEC-B52F-90E6AC7536AC}.Debug|Any CPU.Build.0 = Debug|Any CPU
		{28F13C48-FAC2-4AEC-B52F-90E6AC7536AC}.Release|Any CPU.ActiveCfg = Release|Any CPU
		{28F13C48-FAC2-4AEC-B52F-90E6AC7536AC}.Release|Any CPU.Build.0 = Release|Any CPU
		{B027B5D9-B154-4104-8C6E-1133A5142D9C}.Debug|Any CPU.ActiveCfg = Debug|Any CPU
		{B027B5D9-B154-4104-8C6E-1133A5142D9C}.Debug|Any CPU.Build.0 = Debug|Any CPU
		{B027B5D9-B154-4104-8C6E-1133A5142D9C}.Release|Any CPU.ActiveCfg = Release|Any CPU
		{B027B5D9-B154-4104-8C6E-1133A5142D9C}.Release|Any CPU.Build.0 = Release|Any CPU
		{5603C011-6C4E-4318-AFA0-9520CE732DE2}.Debug|Any CPU.ActiveCfg = Debug|Any CPU
		{5603C011-6C4E-4318-AFA0-9520CE732DE2}.Debug|Any CPU.Build.0 = Debug|Any CPU
		{5603C011-6C4E-4318-AFA0-9520CE732DE2}.Release|Any CPU.ActiveCfg = Release|Any CPU
		{5603C011-6C4E-4318-AFA0-9520CE732DE2}.Release|Any CPU.Build.0 = Release|Any CPU
		{F318C1DE-539A-454C-BB93-F032D58A45F5}.Debug|Any CPU.ActiveCfg = Debug|Any CPU
		{F318C1DE-539A-454C-BB93-F032D58A45F5}.Debug|Any CPU.Build.0 = Debug|Any CPU
		{F318C1DE-539A-454C-BB93-F032D58A45F5}.Release|Any CPU.ActiveCfg = Release|Any CPU
		{F318C1DE-539A-454C-BB93-F032D58A45F5}.Release|Any CPU.Build.0 = Release|Any CPU
		{993C1C3F-F4CC-4641-9D9B-0C9FB6D1ECC9}.Debug|Any CPU.ActiveCfg = Debug|Any CPU
		{993C1C3F-F4CC-4641-9D9B-0C9FB6D1ECC9}.Debug|Any CPU.Build.0 = Debug|Any CPU
		{993C1C3F-F4CC-4641-9D9B-0C9FB6D1ECC9}.Release|Any CPU.ActiveCfg = Release|Any CPU
		{993C1C3F-F4CC-4641-9D9B-0C9FB6D1ECC9}.Release|Any CPU.Build.0 = Release|Any CPU
		{451A93E8-5E77-4333-ACE6-6313D1CCB642}.Debug|Any CPU.ActiveCfg = Debug|Any CPU
		{451A93E8-5E77-4333-ACE6-6313D1CCB642}.Debug|Any CPU.Build.0 = Debug|Any CPU
		{451A93E8-5E77-4333-ACE6-6313D1CCB642}.Release|Any CPU.ActiveCfg = Release|Any CPU
		{451A93E8-5E77-4333-ACE6-6313D1CCB642}.Release|Any CPU.Build.0 = Release|Any CPU
		{82724B95-088A-4988-8275-40B26CE378DE}.Debug|Any CPU.ActiveCfg = Debug|Any CPU
		{82724B95-088A-4988-8275-40B26CE378DE}.Debug|Any CPU.Build.0 = Debug|Any CPU
		{82724B95-088A-4988-8275-40B26CE378DE}.Release|Any CPU.ActiveCfg = Release|Any CPU
		{82724B95-088A-4988-8275-40B26CE378DE}.Release|Any CPU.Build.0 = Release|Any CPU
		{EECA2FC7-50D7-4E3C-8D8F-70C542BE1A7D}.Debug|Any CPU.ActiveCfg = Debug|Any CPU
		{EECA2FC7-50D7-4E3C-8D8F-70C542BE1A7D}.Debug|Any CPU.Build.0 = Debug|Any CPU
		{EECA2FC7-50D7-4E3C-8D8F-70C542BE1A7D}.Release|Any CPU.ActiveCfg = Release|Any CPU
		{EECA2FC7-50D7-4E3C-8D8F-70C542BE1A7D}.Release|Any CPU.Build.0 = Release|Any CPU
		{1A7B1EF0-0C13-4CB3-8723-ADC8ECB49808}.Debug|Any CPU.ActiveCfg = Debug|Any CPU
		{1A7B1EF0-0C13-4CB3-8723-ADC8ECB49808}.Debug|Any CPU.Build.0 = Debug|Any CPU
		{1A7B1EF0-0C13-4CB3-8723-ADC8ECB49808}.Release|Any CPU.ActiveCfg = Release|Any CPU
		{1A7B1EF0-0C13-4CB3-8723-ADC8ECB49808}.Release|Any CPU.Build.0 = Release|Any CPU
		{6EDF13CF-48C4-433D-A074-0AFDBE08B2D6}.Debug|Any CPU.ActiveCfg = Debug|Any CPU
		{6EDF13CF-48C4-433D-A074-0AFDBE08B2D6}.Debug|Any CPU.Build.0 = Debug|Any CPU
		{6EDF13CF-48C4-433D-A074-0AFDBE08B2D6}.Release|Any CPU.ActiveCfg = Release|Any CPU
		{6EDF13CF-48C4-433D-A074-0AFDBE08B2D6}.Release|Any CPU.Build.0 = Release|Any CPU
	EndGlobalSection
	GlobalSection(SolutionProperties) = preSolution
		HideSolutionNode = FALSE
	EndGlobalSection
	GlobalSection(NestedProjects) = preSolution
		{0506F529-B54C-4EFE-BBC3-30D54AAEC4DE} = {FA24E427-1979-4E4F-8146-E76EFECC07BD}
		{2E1850BF-00F8-4607-8F91-B243BC7BD61F} = {C8723C2B-9E2F-439B-87B4-4BC4C4005B78}
		{0CD9F3E8-C500-4F89-826E-BCF0996393F5} = {C8723C2B-9E2F-439B-87B4-4BC4C4005B78}
		{6E521631-4203-4BE7-80AC-6FAB8FDEE84B} = {C8723C2B-9E2F-439B-87B4-4BC4C4005B78}
		{28F13C48-FAC2-4AEC-B52F-90E6AC7536AC} = {C8723C2B-9E2F-439B-87B4-4BC4C4005B78}
		{B027B5D9-B154-4104-8C6E-1133A5142D9C} = {A970F0EE-C5BE-44DA-AB58-39E4FCB6142E}
		{5603C011-6C4E-4318-AFA0-9520CE732DE2} = {C8723C2B-9E2F-439B-87B4-4BC4C4005B78}
		{C8723C2B-9E2F-439B-87B4-4BC4C4005B78} = {4F35CA1B-CCC8-421D-945F-8B6C0455A9E9}
		{FA24E427-1979-4E4F-8146-E76EFECC07BD} = {4F35CA1B-CCC8-421D-945F-8B6C0455A9E9}
		{A970F0EE-C5BE-44DA-AB58-39E4FCB6142E} = {4F35CA1B-CCC8-421D-945F-8B6C0455A9E9}
		{F318C1DE-539A-454C-BB93-F032D58A45F5} = {C8723C2B-9E2F-439B-87B4-4BC4C4005B78}
		{993C1C3F-F4CC-4641-9D9B-0C9FB6D1ECC9} = {3C8E0B1E-25D1-4E56-829E-3B3A5EDDC035}
		{7F5AB20C-691C-4DC3-AC2D-9D885EBF007E} = {F1CD5A98-A4D5-4A45-8B80-0B30F93D021B}
		{451A93E8-5E77-4333-ACE6-6313D1CCB642} = {3C8E0B1E-25D1-4E56-829E-3B3A5EDDC035}
		{3C8E0B1E-25D1-4E56-829E-3B3A5EDDC035} = {7F5AB20C-691C-4DC3-AC2D-9D885EBF007E}
		{0022F579-4CCF-44C0-AFA0-2BBECD1BE8CE} = {7F5AB20C-691C-4DC3-AC2D-9D885EBF007E}
		{24D66818-23CB-4EB2-9924-59D7DE06130A} = {7F5AB20C-691C-4DC3-AC2D-9D885EBF007E}
		{82724B95-088A-4988-8275-40B26CE378DE} = {6009FC7B-D7FC-4D41-9ECC-0EC3EAFE03CE}
		{EECA2FC7-50D7-4E3C-8D8F-70C542BE1A7D} = {3C8E0B1E-25D1-4E56-829E-3B3A5EDDC035}
		{1A7B1EF0-0C13-4CB3-8723-ADC8ECB49808} = {3C8E0B1E-25D1-4E56-829E-3B3A5EDDC035}
		{6EDF13CF-48C4-433D-A074-0AFDBE08B2D6} = {3C8E0B1E-25D1-4E56-829E-3B3A5EDDC035}
	EndGlobalSection
EndGlobal
